
Microsoft Visual Studio Solution File, Format Version 12.00
Project("{FAE04EC0-301F-11D3-BF4B-00C04F79EFBC}") = "HW_1_6_1", "HW_1_6_1\HW_1_6_1.csproj", "{2EE2A9F2-DEEA-4C04-AD0B-9CB6C6761E2A}"
EndProject
Project("{FAE04EC0-301F-11D3-BF4B-00C04F79EFBC}") = "HW_1_6_2", "HW_1_6_2\HW_1_6_2.csproj", "{94803EE2-0210-48FD-8646-14952E98422B}"
EndProject
Global
	GlobalSection(SolutionConfigurationPlatforms) = preSolution
		Debug|Any CPU = Debug|Any CPU
		Release|Any CPU = Release|Any CPU
	EndGlobalSection
	GlobalSection(ProjectConfigurationPlatforms) = postSolution
		{2EE2A9F2-DEEA-4C04-AD0B-9CB6C6761E2A}.Debug|Any CPU.ActiveCfg = Debug|Any CPU
		{2EE2A9F2-DEEA-4C04-AD0B-9CB6C6761E2A}.Debug|Any CPU.Build.0 = Debug|Any CPU
		{2EE2A9F2-DEEA-4C04-AD0B-9CB6C6761E2A}.Release|Any CPU.ActiveCfg = Release|Any CPU
		{2EE2A9F2-DEEA-4C04-AD0B-9CB6C6761E2A}.Release|Any CPU.Build.0 = Release|Any CPU
		{94803EE2-0210-48FD-8646-14952E98422B}.Debug|Any CPU.ActiveCfg = Debug|Any CPU
		{94803EE2-0210-48FD-8646-14952E98422B}.Debug|Any CPU.Build.0 = Debug|Any CPU
		{94803EE2-0210-48FD-8646-14952E98422B}.Release|Any CPU.ActiveCfg = Release|Any CPU
		{94803EE2-0210-48FD-8646-14952E98422B}.Release|Any CPU.Build.0 = Release|Any CPU
	EndGlobalSection
EndGlobal
